
Microsoft Visual Studio Solution File, Format Version 12.00
# Visual Studio Version 17
VisualStudioVersion = 17.5.33502.453
MinimumVisualStudioVersion = 10.0.40219.1
Project("{9A19103F-16F7-4668-BE54-9A1E7A4F7556}") = "PluginConfigurator", "PluginConfigurator\PluginConfigurator.csproj", "{7E80CFA8-B5C6-4EF3-86AF-7160F11CA044}"
EndProject
Global
	GlobalSection(SolutionConfigurationPlatforms) = preSolution
		Debug|Any CPU = Debug|Any CPU
		Release|Any CPU = Release|Any CPU
	EndGlobalSection
	GlobalSection(ProjectConfigurationPlatforms) = postSolution
		{7E80CFA8-B5C6-4EF3-86AF-7160F11CA044}.Debug|Any CPU.ActiveCfg = Debug|Any CPU
		{7E80CFA8-B5C6-4EF3-86AF-7160F11CA044}.Debug|Any CPU.Build.0 = Debug|Any CPU
		{7E80CFA8-B5C6-4EF3-86AF-7160F11CA044}.Release|Any CPU.ActiveCfg = Release|Any CPU
		{7E80CFA8-B5C6-4EF3-86AF-7160F11CA044}.Release|Any CPU.Build.0 = Release|Any CPU
	EndGlobalSection
	GlobalSection(SolutionProperties) = preSolution
		HideSolutionNode = FALSE
	EndGlobalSection
	GlobalSection(ExtensibilityGlobals) = postSolution
		SolutionGuid = {A3CCFF22-BB2D-4A2C-8F9E-3F3C9960C64B}
	EndGlobalSection
EndGlobal
